name: Mobitz Type I Atrioventricular Block
creation_date: "2026-05-06T03:18:07Z"
category: Heart Disorder
parents:
- Heart Disorder
disease_term:
  preferred_term: Mobitz type I atrioventricular block
  term:
    id: MONDO:0020744
    label: Mobitz type I atrioventricular block
description: >-
  Mobitz type I atrioventricular block, also called Wenckebach block, is a
  second-degree atrioventricular conduction disorder characterized by
  progressive PR interval prolongation before a nonconducted atrial impulse.
pathophysiology:
- name: Vagal Atrioventricular Nodal Suppression
  description: >-
    Vagal or parasympathetic surges can slow sinus rate and suppress
    atrioventricular nodal conduction, producing a generally nodal form of
    Wenckebach physiology.
  cell_types:
  - preferred_term: cardiac muscle cell
    term:
      id: CL:0000746
      label: cardiac muscle cell
  biological_processes:
  - preferred_term: cardiac conduction
    term:
      id: GO:0061337
      label: cardiac conduction
    modifier: DECREASED
  evidence:
  - reference: PMID:39267806
    reference_title: "Mobitz type II second-degree atrioventricular block: a commonly overdiagnosed and misinterpreted arrhythmia."
    supports: SUPPORT
    evidence_source: HUMAN_CLINICAL
    snippet: >-
      The diagnosis of Mobitz type II block AVB requires a stable sinus rate, which is an important criterion because a vagal surge (generally benign) can cause simultaneous sinus slowing and AV nodal block, which can resemble Mobitz type II AVB.
    explanation: >-
      Supports AV nodal conduction slowing, often vagally mediated, as the
      physiologic mechanism underlying Wenckebach-like atrioventricular block.
  - reference: PMID:39123144
    reference_title: "Repeated complete atrioventricular block during remifentanil administration in a pediatric patient with brain tumor and acute hydrocephalus: a case report."
    supports: PARTIAL
    evidence_source: HUMAN_CLINICAL
    snippet: >-
      Remifentanil is known to cause sinus bradycardia, however, because it has a direct negative chronotropic effect on the cardiac conduction system and there is an indirect negative chronotropic effect via the parasympathetic nervous system.
    explanation: Supports parasympathetic and direct conduction-system suppression as a reversible AV nodal depression mechanism.
  downstream:
  - target: Progressive PR Interval Prolongation
    description: AV nodal suppression increases conduction delay across successive beats.
- name: Ischemic Atrioventricular Nodal Depression
  description: >-
    Acute inferior myocardial infarction can produce ischemic atrioventricular
    nodal conduction depression with Wenckebach periodicity, converging on the
    progressive PR-prolongation cascade.
  cell_types:
  - preferred_term: cardiac muscle cell
    term:
      id: CL:0000746
      label: cardiac muscle cell
  biological_processes:
  - preferred_term: cardiac conduction
    term:
      id: GO:0061337
      label: cardiac conduction
    modifier: DECREASED
  evidence:
  - reference: PMID:2426663
    reference_title: "Alternating Wenckebach periods in acute inferior myocardial infarction: clinical, electrocardiographic, and therapeutic characterization."
    supports: SUPPORT
    evidence_source: HUMAN_CLINICAL
    snippet: >-
      We report on twelve patients with alternating Wenckebach periods (AWP) occurring during an acute inferior myocardial infarction (AIMI).
    explanation: >-
      This clinical series supports acute inferior myocardial infarction as an
      ischemic context for Wenckebach-type atrioventricular block.
  downstream:
  - target: Progressive PR Interval Prolongation
    description: Ischemic atrioventricular nodal depression produces progressive conduction delay across successive beats.
- name: Progressive PR Interval Prolongation
  description: >-
    In Wenckebach periodicity, successive conducted beats show progressive PR
    interval lengthening before a nonconducted atrial impulse.
  cell_types:
  - preferred_term: cardiac muscle cell
    term:
      id: CL:0000746
      label: cardiac muscle cell
  biological_processes:
  - preferred_term: cardiac conduction
    term:
      id: GO:0061337
      label: cardiac conduction
    modifier: DECREASED
  evidence:
  - reference: PMID:1109548
    reference_title: The incidence of typical and atypical A-V Wenckebach periodicity.
    supports: SUPPORT
    evidence_source: HUMAN_CLINICAL
    snippet: >-
      The classic pattern of the typical WP's consists of (1) progressive lengthening of the P-R intervals with the largest increment occuring in the second conducted beat
    explanation: Supports progressive PR interval lengthening as the defining Wenckebach conduction pattern.
  downstream:
  - target: Nonconducted P Wave
    description: Progressive AV nodal conduction delay culminates in a nonconducted atrial impulse.
- name: Nonconducted P Wave
  description: >-
    The Wenckebach cycle culminates in a nonconducted P wave and dropped
    ventricular beat, lowering the effective ventricular rate.
  biological_processes:
  - preferred_term: cardiac conduction
    term:
      id: GO:0061337
      label: cardiac conduction
    modifier: DECREASED
  evidence:
  - reference: PMID:1109548
    reference_title: The incidence of typical and atypical A-V Wenckebach periodicity.
    supports: SUPPORT
    evidence_source: HUMAN_CLINICAL
    snippet: >-
      the pause produced by the nonconducted P-wave is less than two P-P intervals.
    explanation: Supports the nonconducted P wave as the dropped-beat event in Wenckebach periodicity.
  downstream:
  - target: Bradycardia
    description: Intermittent dropped beats can reduce ventricular rate and contribute to bradycardic symptoms.
phenotypes:
- name: Mobitz I Atrioventricular Block
  category: Cardiovascular
  phenotype_term:
    preferred_term: Mobitz I atrioventricular block
    term:
      id: HP:0011707
      label: Mobitz I atrioventricular block
  description: >-
    The electrocardiogram shows progressive PR interval prolongation followed
    by a dropped QRS complex.
  evidence:
  - reference: PMID:29493981
    reference_title: Second-Degree Atrioventricular Block.
    supports: SUPPORT
    evidence_source: OTHER
    snippet: >-
      There are two types of second-degree atrioventricular blocks: Mobitz type I, also known as, Wenckebach and Mobitz type II.
    explanation: Supports Mobitz type I/Wenckebach as a recognized second-degree atrioventricular block phenotype.
  - reference: PMID:39267806
    reference_title: "Mobitz type II second-degree atrioventricular block: a commonly overdiagnosed and misinterpreted arrhythmia."
    supports: SUPPORT
    evidence_source: HUMAN_CLINICAL
    snippet: >-
      Atypical forms of Wenckebach AVB may be misinterpreted as Mobitz type II AVB when a series of PR intervals are constant before the block.
    explanation: Supports Wenckebach AV block as the ECG pattern represented by the Mobitz I phenotype and highlights diagnostic overlap.
- name: Bradycardia
  category: Cardiovascular
  phenotype_term:
    preferred_term: Bradycardia
    term:
      id: HP:0001662
      label: Bradycardia
  description: >-
    Intermittent dropped ventricular beats can produce a slow ventricular rate.
  evidence:
  - reference: PMID:39123144
    reference_title: "Repeated complete atrioventricular block during remifentanil administration in a pediatric patient with brain tumor and acute hydrocephalus: a case report."
    supports: SUPPORT
    evidence_source: HUMAN_CLINICAL
    snippet: >-
      Remifentanil is known to cause sinus bradycardia, however, because it has a direct negative chronotropic effect on the cardiac conduction system and there is an indirect negative chronotropic effect via the parasympathetic nervous system.
    explanation: Supports bradycardia as a conduction-system manifestation that can accompany AV nodal depression.
- name: Syncope
  category: Cardiovascular
  phenotype_term:
    preferred_term: Syncope
    term:
      id: HP:0001279
      label: Syncope
  description: >-
    Symptomatic episodes may occur when bradycardia causes transient cerebral
    hypoperfusion.
  evidence:
  - reference: PMID:29493981
    reference_title: Second-Degree Atrioventricular Block.
    supports: SUPPORT
    evidence_source: OTHER
    snippet: >-
      In general, patients with second degree AV block may have no symptoms or may experience symptoms like syncope and lightheadedness.
    explanation: Supports syncope as a possible symptom of second-degree atrioventricular block, including Mobitz I presentations.
- name: Lightheadedness
  category: Cardiovascular
  description: >-
    Presyncopal lightheadedness may occur when intermittent dropped beats reduce
    cardiac output without causing frank syncope.
  phenotype_term:
    preferred_term: Lightheadedness
  evidence:
  - reference: PMID:29493981
    reference_title: Second-Degree Atrioventricular Block.
    supports: SUPPORT
    evidence_source: OTHER
    snippet: >-
      In general, patients with second degree AV block may have no symptoms or may experience symptoms like syncope and lightheadedness.
    explanation: Supports lightheadedness as a symptom of second-degree AV block, including Mobitz I presentations.
diagnosis:
- name: Electrocardiographic recognition of Wenckebach periodicity
  description: >-
    Diagnosis is made from ECG evidence of a second-degree AV block pattern,
    with attention to PR interval behavior and sinus-rate stability to avoid
    misclassifying vagal Wenckebach as Mobitz II block.
  diagnosis_term:
    preferred_term: electrocardiography
    term:
      id: MAXO:0000900
      label: electrocardiography
  results: Progressive PR interval prolongation followed by a nonconducted atrial impulse supports Mobitz I/Wenckebach block.
  evidence:
  - reference: PMID:1109548
    reference_title: The incidence of typical and atypical A-V Wenckebach periodicity.
    supports: SUPPORT
    evidence_source: HUMAN_CLINICAL
    snippet: >-
      The classic pattern of the typical WP's consists of (1) progressive lengthening of the P-R intervals with the largest increment occuring in the second conducted beat
    explanation: Supports progressive PR interval lengthening as a direct ECG criterion for Wenckebach periodicity.
  - reference: PMID:39267806
    reference_title: "Mobitz type II second-degree atrioventricular block: a commonly overdiagnosed and misinterpreted arrhythmia."
    supports: SUPPORT
    evidence_source: HUMAN_CLINICAL
    snippet: >-
      A 2:1 AVB cannot be classified in terms of type I or type II AVB.
    explanation: Supports careful ECG-based differential diagnosis when conduction patterns are ambiguous.
treatments:
- name: Atropine for Acute Reversible AV Nodal Block
  treatment_term:
    preferred_term: pharmacotherapy
    term:
      id: MAXO:0000058
      label: pharmacotherapy
    therapeutic_agent:
    - preferred_term: atropine
      term:
        id: CHEBI:16684
        label: atropine
  description: >-
    Atropine may be used in acute vagally mediated or drug-associated AV nodal
    bradyarrhythmia while removing the reversible trigger; this is not evidence
    for chronic treatment of asymptomatic nodal Wenckebach.
  target_phenotypes:
  - preferred_term: Bradycardia
    term:
      id: HP:0001662
      label: Bradycardia
  evidence:
  - reference: PMID:39123144
    reference_title: "Repeated complete atrioventricular block during remifentanil administration in a pediatric patient with brain tumor and acute hydrocephalus: a case report."
    supports: PARTIAL
    evidence_source: HUMAN_CLINICAL
    snippet: >-
      Remifentanil was immediately discontinued, and we administered atropine sulfate. Complete atrioventricular block was restored to sinus rhythm.
    explanation: Supports atropine as acute pharmacotherapy in a reversible AV nodal block sequence that included Wenckebach-type AV block.
- name: Pacemaker Therapy for Symptomatic or Hemodynamically Unstable Wenckebach
  treatment_term:
    preferred_term: pacemaker implantation
    term:
      id: MAXO:0009034
      label: pacemaker implantation
  description: >-
    Pacemaker therapy can be used for symptomatic or hemodynamically unstable
    Wenckebach presentations, especially in acute ischemic or non-benign
    contexts; this is conditional and distinct from asymptomatic nodal
    Wenckebach, where pacing may be inappropriate.
  target_phenotypes:
  - preferred_term: Syncope
    term:
      id: HP:0001279
      label: Syncope
  - preferred_term: Bradycardia
    term:
      id: HP:0001662
      label: Bradycardia
  evidence:
  - reference: PMID:2426663
    reference_title: "Alternating Wenckebach periods in acute inferior myocardial infarction: clinical, electrocardiographic, and therapeutic characterization."
    supports: PARTIAL
    evidence_source: HUMAN_CLINICAL
    snippet: >-
      Pacemaker therapy was initiated prophylactically in two patients, because of syncope in six, because of hemodynamic deterioration in two, and for syncope and hemodynamic deterioration in two.
    explanation: Supports pacemaker therapy in symptomatic or hemodynamically unstable alternating Wenckebach periods in acute inferior myocardial infarction.
references:
- reference: PMID:39267806
  title: "Mobitz type II second-degree atrioventricular block: a commonly overdiagnosed and misinterpreted arrhythmia."
  findings: []
- reference: PMID:29493981
  title: Second-Degree Atrioventricular Block.
  findings: []
- reference: PMID:39123144
  title: "Repeated complete atrioventricular block during remifentanil administration in a pediatric patient with brain tumor and acute hydrocephalus: a case report."
  findings: []
- reference: PMID:1109548
  title: The incidence of typical and atypical A-V Wenckebach periodicity.
  findings: []
- reference: PMID:2426663
  title: "Alternating Wenckebach periods in acute inferior myocardial infarction: clinical, electrocardiographic, and therapeutic characterization."
  findings: []
