name: Mobitz Type I Atrioventricular Block
creation_date: "2026-05-06T03:18:07Z"
updated_date: "2026-05-06T03:18:07Z"
category: Heart Disorder
parents:
- Heart Disorder
disease_term:
  preferred_term: Mobitz type I atrioventricular block
  term:
    id: MONDO:0020744
    label: Mobitz type I atrioventricular block
description: >-
  Mobitz type I atrioventricular block, also called Wenckebach block, is a
  second-degree atrioventricular conduction disorder characterized by
  progressive PR interval prolongation before a nonconducted atrial impulse.
pathophysiology:
- name: Progressive Atrioventricular Nodal Conduction Delay
  description: >-
    Progressive delay in atrioventricular nodal conduction leads to eventual
    failure of a single atrial impulse to conduct to the ventricles, producing
    the characteristic Wenckebach pattern.
  biological_processes:
  - preferred_term: cardiac conduction
    term:
      id: GO:0061337
      label: cardiac conduction
    modifier: DECREASED
  evidence:
  - reference: PMID:39267806
    reference_title: "Mobitz type II second-degree atrioventricular block: a commonly overdiagnosed and misinterpreted arrhythmia."
    supports: SUPPORT
    evidence_source: OTHER
    snippet: >-
      The diagnosis of Mobitz type II block AVB requires a stable sinus rate, which is an important criterion because a vagal surge (generally benign) can cause simultaneous sinus slowing and AV nodal block, which can resemble Mobitz type II AVB.
    explanation: >-
      Supports AV nodal conduction slowing, often vagally mediated, as the
      physiologic mechanism underlying Wenckebach-like atrioventricular block.
phenotypes:
- name: Mobitz I Atrioventricular Block
  category: Cardiovascular
  phenotype_term:
    preferred_term: Mobitz I atrioventricular block
    term:
      id: HP:0011707
      label: Mobitz I atrioventricular block
  description: >-
    The electrocardiogram shows progressive PR interval prolongation followed
    by a dropped QRS complex.
  evidence:
  - reference: PMID:29493981
    reference_title: Second-Degree Atrioventricular Block.
    supports: SUPPORT
    evidence_source: OTHER
    snippet: >-
      There are two types of second-degree atrioventricular blocks: Mobitz type I, also known as, Wenckebach and Mobitz type II.
    explanation: Supports Mobitz type I/Wenckebach as a recognized second-degree atrioventricular block phenotype.
  - reference: PMID:39267806
    reference_title: "Mobitz type II second-degree atrioventricular block: a commonly overdiagnosed and misinterpreted arrhythmia."
    supports: SUPPORT
    evidence_source: OTHER
    snippet: >-
      Atypical forms of Wenckebach AVB may be misinterpreted as Mobitz type II AVB when a series of PR intervals are constant before the block.
    explanation: Supports Wenckebach AV block as the ECG pattern represented by the Mobitz I phenotype and highlights diagnostic overlap.
- name: Bradycardia
  category: Cardiovascular
  phenotype_term:
    preferred_term: Bradycardia
    term:
      id: HP:0001662
      label: Bradycardia
  description: >-
    Intermittent dropped ventricular beats can produce a slow ventricular rate.
  evidence:
  - reference: PMID:39123144
    reference_title: "Repeated complete atrioventricular block during remifentanil administration in a pediatric patient with brain tumor and acute hydrocephalus: a case report."
    supports: SUPPORT
    evidence_source: HUMAN_CLINICAL
    snippet: >-
      Remifentanil is known to cause sinus bradycardia, however, because it has a direct negative chronotropic effect on the cardiac conduction system and there is an indirect negative chronotropic effect via the parasympathetic nervous system.
    explanation: Supports bradycardia as a conduction-system manifestation that can accompany AV nodal depression.
- name: Syncope
  category: Cardiovascular
  phenotype_term:
    preferred_term: Syncope
    term:
      id: HP:0001279
      label: Syncope
  description: >-
    Symptomatic episodes may occur when bradycardia causes transient cerebral
    hypoperfusion.
  evidence:
  - reference: PMID:29493981
    reference_title: Second-Degree Atrioventricular Block.
    supports: SUPPORT
    evidence_source: OTHER
    snippet: >-
      In general, patients with second degree AV block may have no symptoms or may experience symptoms like syncope and lightheadedness.
    explanation: Supports syncope as a possible symptom of second-degree atrioventricular block, including Mobitz I presentations.
diagnosis:
- name: Electrocardiographic recognition of Wenckebach periodicity
  description: >-
    Diagnosis is made from ECG evidence of a second-degree AV block pattern,
    with attention to PR interval behavior and sinus-rate stability to avoid
    misclassifying vagal Wenckebach as Mobitz II block.
  diagnosis_term:
    preferred_term: electrocardiography
    term:
      id: MAXO:0000900
      label: electrocardiography
  results: Progressive PR interval prolongation followed by a nonconducted atrial impulse supports Mobitz I/Wenckebach block.
  evidence:
  - reference: PMID:29493981
    reference_title: Second-Degree Atrioventricular Block.
    supports: SUPPORT
    evidence_source: OTHER
    snippet: >-
      This process is reflected on ECG as the PR interval which leads to a QRS complex.
    explanation: Supports ECG interpretation of PR interval and QRS conduction as the diagnostic substrate for AV block.
  - reference: PMID:39267806
    reference_title: "Mobitz type II second-degree atrioventricular block: a commonly overdiagnosed and misinterpreted arrhythmia."
    supports: SUPPORT
    evidence_source: OTHER
    snippet: >-
      A 2:1 AVB cannot be classified in terms of type I or type II AVB.
    explanation: Supports careful ECG-based differential diagnosis when conduction patterns are ambiguous.
