name: Sinoatrial Block
creation_date: "2026-05-06T12:01:23Z"
updated_date: "2026-05-06T12:01:23Z"
category: Complex
description: >-
  Sinoatrial block is a cardiac conduction disorder in which impulses generated
  by the sinoatrial node fail to conduct normally to atrial myocardium, causing
  pauses, bradycardia, and intermittent symptoms of low cardiac output.
disease_term:
  preferred_term: sinoatrial block
  term:
    id: MONDO:0020806
    label: sinoatrial block
parents:
- Cardiac Arrhythmia
- Cardiac Conduction Disorder
synonyms:
- Sinoatrial exit block
- SA exit block
- Sinus node exit block
pathophysiology:
- name: Intrinsic Sinus Node Remodeling
  description: >-
    Degenerative fibrosis and cardiac remodeling of sinoatrial nodal tissue can
    impair pacemaker-cell automaticity and impulse propagation.
  cell_types:
  - preferred_term: cardiac pacemaker cell of sinoatrial node
    term:
      id: CL:1000477
      label: cardiac pacemaker cell of sinoatrial node
  biological_processes:
  - preferred_term: cardiac conduction
    term:
      id: GO:0061337
      label: cardiac conduction
    modifier: DECREASED
  evidence:
  - reference: PMID:34383451
    supports: SUPPORT
    evidence_source: HUMAN_CLINICAL
    snippet: >-
      The causes of sinus node dysfunction are intrinsic (e.g., degenerative
      idiopathic fibrosis, cardiac remodeling) or extrinsic (e.g., medications,
      metabolic abnormalities) to the sinoatrial node.
    explanation: >-
      This source identifies intrinsic fibrotic and remodeling substrates that
      can cause sinoatrial conduction disease.
- name: Sinoatrial Exit Block
  description: >-
    Impaired conduction between sinoatrial nodal pacemaker tissue and atrial
    myocardium produces dropped atrial activation and pauses on the rhythm strip.
  cell_types:
  - preferred_term: cardiac pacemaker cell of sinoatrial node
    term:
      id: CL:1000477
      label: cardiac pacemaker cell of sinoatrial node
  biological_processes:
  - preferred_term: cardiac conduction
    term:
      id: GO:0061337
      label: cardiac conduction
    modifier: DECREASED
  evidence:
  - reference: PMID:34383451
    supports: SUPPORT
    evidence_source: HUMAN_CLINICAL
    snippet: >-
      Sinus node dysfunction, previously known as sick sinus syndrome, describes
      disorders related to abnormal conduction and propagation of electrical
      impulses at the sinoatrial node.
    explanation: >-
      Sinoatrial block is an exit-conduction manifestation of sinus node
      dysfunction, and this review directly describes abnormal sinoatrial
      conduction and impulse propagation.
- name: Bradycardia and Low Cardiac Output
  description: >-
    Recurrent sinus pauses can slow ventricular rate enough to reduce cerebral
    and systemic perfusion.
  biological_processes:
  - preferred_term: heart contraction
    term:
      id: GO:0060047
      label: heart contraction
    modifier: DECREASED
  evidence:
  - reference: PMID:34383451
    supports: SUPPORT
    evidence_source: HUMAN_CLINICAL
    snippet: >-
      Clinical symptoms result from the hypoperfusion of end organs.
    explanation: >-
      This supports the link between bradyarrhythmia/pauses and symptomatic
      low-output hypoperfusion.
phenotypes:
- name: Bradycardia
  category: Cardiovascular
  frequency: VERY_FREQUENT
  phenotype_term:
    preferred_term: Bradycardia
    term:
      id: HP:0001662
      label: Bradycardia
  evidence:
  - reference: PMID:34383451
    supports: SUPPORT
    evidence_source: HUMAN_CLINICAL
    snippet: >-
      Electrocardiography findings include sinus bradycardia, sinus pauses or
      arrest, sinoatrial exit block, chronotropic incompetence, or alternating
      bradycardia and tachycardia (i.e., bradycardia-tachycardia syndrome).
    explanation: >-
      The review explicitly lists sinus bradycardia and sinoatrial exit block
      among ECG findings.
- name: Syncope
  category: Neurologic
  frequency: OCCASIONAL
  phenotype_term:
    preferred_term: Syncope
    term:
      id: HP:0001279
      label: Syncope
  evidence:
  - reference: PMID:34383451
    supports: SUPPORT
    evidence_source: HUMAN_CLINICAL
    snippet: >-
      About 50% of patients present with cerebral hypoperfusion (e.g., syncope,
      presyncope, lightheadedness, cerebrovascular accident).
    explanation: >-
      Syncope is listed as a cerebral hypoperfusion presentation.
- name: Dizziness
  category: Neurologic
  frequency: OCCASIONAL
  phenotype_term:
    preferred_term: Dizziness
    term:
      id: HP:0002321
      label: Vertigo
  evidence:
  - reference: PMID:40388576
    supports: SUPPORT
    evidence_source: HUMAN_CLINICAL
    snippet: >-
      SND can cause symptoms like fatigue, dizziness, or fainting and is often
      treated with pacemakers.
    explanation: >-
      The patient-language summary explicitly includes dizziness as a symptom.
- name: Fatigue
  category: Constitutional
  frequency: OCCASIONAL
  phenotype_term:
    preferred_term: Fatigue
    term:
      id: HP:0012378
      label: Fatigue
  evidence:
  - reference: PMID:40388576
    supports: SUPPORT
    evidence_source: HUMAN_CLINICAL
    snippet: >-
      SND can cause symptoms like fatigue, dizziness, or fainting and is often
      treated with pacemakers.
    explanation: >-
      The review identifies fatigue as a symptom of sinus node dysfunction.
environmental:
- name: Bradycardia-promoting medications
  notes: >-
    Beta blockers, non-dihydropyridine calcium-channel blockers, digoxin,
    lithium, and antiarrhythmics can contribute to reversible sinus node
    dysfunction in susceptible patients.
  evidence:
  - reference: PMID:34383451
    supports: SUPPORT
    evidence_source: HUMAN_CLINICAL
    snippet: >-
      The causes of sinus node dysfunction are intrinsic (e.g., degenerative
      idiopathic fibrosis, cardiac remodeling) or extrinsic (e.g., medications,
      metabolic abnormalities) to the sinoatrial node.
    explanation: >-
      This review supports medications and metabolic abnormalities as extrinsic,
      potentially reversible contributors to sinoatrial node dysfunction.
treatments:
- name: Pacemaker Therapy
  description: >-
    Permanent pacing is considered for symptomatic, clinically significant
    sinoatrial block or pauses.
  treatment_term:
    preferred_term: cardiac pacemaker therapy
    term:
      id: MAXO:0009034
      label: pacemaker implantation
  evidence:
  - reference: PMID:34383451
    supports: SUPPORT
    evidence_source: HUMAN_CLINICAL
    snippet: >-
      First-line treatment for patients with confirmed sinus node dysfunction is
      permanent pacemaker placement with atrial-based pacing and limited
      ventricular pacing when necessary.
    explanation: >-
      This directly supports pacemaker therapy for symptomatic confirmed sinus
      node dysfunction, including clinically significant sinoatrial block.
