history_version: 1
target:
  kind: disorder
  slug: X-Linked_Infantile_Spinal_Muscular_Atrophy
  path: kb/disorders/X-Linked_Infantile_Spinal_Muscular_Atrophy.yaml
session:
  id: 2026-08-08T211732Z-codex-ci-unblock
  timestamp: '2026-08-08T21:17:32Z'
  actors:
  - type: ai_agent
    name: codex
    agent_tool: codex
links:
  issues: []
  prs:
  - https://github.com/monarch-initiative/dismech/pull/8233
  urls: []
events:
- type: REVIEW
  outcome: changed
  sections:
  - treatments
  summary: Remove therapeutic targets from orthopedic monitoring
  details: |
    Removed target_mechanisms from the non-therapeutic orthopedic-surveillance action. Monitoring observes contractures and scoliosis but does not itself modulate either manifestation; rehabilitative therapy remains represented separately as the therapeutic action.
